// !$*UTF8*$!
{
	archiveVersion = 1;
	classes = {
	};
	objectVersion = 55;
	objects = {

/* Begin PBXBuildFile section */
		FB0247992869D9870095652C /* AppDelegate.swift in Sources */ = {isa = PBXBuildFile; fileRef = FB0247982869D9870095652C /* AppDelegate.swift */; };
		FB02479F2869D9870095652C /* GameScene.swift in Sources */ = {isa = PBXBuildFile; fileRef = FB02479E2869D9870095652C /* GameScene.swift */; };
		FB0247A12869D9870095652C /* GameViewController.swift in Sources */ = {isa = PBXBuildFile; fileRef = FB0247A02869D9870095652C /* GameViewController.swift */; };
		FB0247A42869D9870095652C /* Main.storyboard in Resources */ = {isa = PBXBuildFile; fileRef = FB0247A22869D9870095652C /* Main.storyboard */; };
		FB0247A92869D9890095652C /* LaunchScreen.storyboard in Resources */ = {isa = PBXBuildFile; fileRef = FB0247A72869D9890095652C /* LaunchScreen.storyboard */; };
		FB0247B62869E3170095652C /* Assets.xcassets in Resources */ = {isa = PBXBuildFile; fileRef = FB0247B52869E3170095652C /* Assets.xcassets */; };
		FB0247B8286A1BCC0095652C /* CellNode.swift in Sources */ = {isa = PBXBuildFile; fileRef = FB0247B7286A1BCC0095652C /* CellNode.swift */; };
		FB6010F1286CAFD00094326A /* BestScene.swift in Sources */ = {isa = PBXBuildFile; fileRef = FB6010F0286CAFD00094326A /* BestScene.swift */; };
		FB6010F3286CB0170094326A /* ParentScene.swift in Sources */ = {isa = PBXBuildFile; fileRef = FB6010F2286CB0170094326A /* ParentScene.swift */; };
		FB6010F5286CB0470094326A /* GameSettings.swift in Sources */ = {isa = PBXBuildFile; fileRef = FB6010F4286CB0470094326A /* GameSettings.swift */; };
		FB6010F7286CB31B0094326A /* SceneManager.swift in Sources */ = {isa = PBXBuildFile; fileRef = FB6010F6286CB31B0094326A /* SceneManager.swift */; };
		FB973EF6286B68810055A3E0 /* HUD.swift in Sources */ = {isa = PBXBuildFile; fileRef = FB973EF5286B68810055A3E0 /* HUD.swift */; };
		FBF7A6AE286F07E600DDBADD /* MenuScene.swift in Sources */ = {isa = PBXBuildFile; fileRef = FBF7A6AD286F07E600DDBADD /* MenuScene.swift */; };
		FBF7A6B0286F092B00DDBADD /* WinScene.swift in Sources */ = {isa = PBXBuildFile; fileRef = FBF7A6AF286F092B00DDBADD /* WinScene.swift */; };
		FBF7A6B2286F169300DDBADD /* PauseScene.swift in Sources */ = {isa = PBXBuildFile; fileRef = FBF7A6B1286F169300DDBADD /* PauseScene.swift */; };
/* End PBXBuildFile section */

/* Begin PBXFileReference section */
		FB0247952869D9870095652C /* Game15.app */ = {isa = PBXFileReference; explicitFileType = wrapper.application; includeInIndex = 0; path = Game15.app; sourceTree = BUILT_PRODUCTS_DIR; };
		FB0247982869D9870095652C /* AppDelegate.swift */ = {isa = PBXFileReference; lastKnownFileType = sourcecode.swift; path = AppDelegate.swift; sourceTree = "<group>"; };
		FB02479E2869D9870095652C /* GameScene.swift */ = {isa = PBXFileReference; lastKnownFileType = sourcecode.swift; path = GameScene.swift; sourceTree = "<group>"; };
		FB0247A02869D9870095652C /* GameViewController.swift */ = {isa = PBXFileReference; lastKnownFileType = sourcecode.swift; path = GameViewController.swift; sourceTree = "<group>"; };
		FB0247A32869D9870095652C /* Base */ = {isa = PBXFileReference; lastKnownFileType = file.storyboard; name = Base; path = Base.lproj/Main.storyboard; sourceTree = "<group>"; };
		FB0247A82869D9890095652C /* Base */ = {isa = PBXFileReference; lastKnownFileType = file.storyboard; name = Base; path = Base.lproj/LaunchScreen.storyboard; sourceTree = "<group>"; };
		FB0247B52869E3170095652C /* Assets.xcassets */ = {isa = PBXFileReference; lastKnownFileType = folder.assetcatalog; path = Assets.xcassets; sourceTree = "<group>"; };
		FB0247B7286A1BCC0095652C /* CellNode.swift */ = {isa = PBXFileReference; lastKnownFileType = sourcecode.swift; path = CellNode.swift; sourceTree = "<group>"; };
		FB6010F0286CAFD00094326A /* BestScene.swift */ = {isa = PBXFileReference; lastKnownFileType = sourcecode.swift; path = BestScene.swift; sourceTree = "<group>"; };
		FB6010F2286CB0170094326A /* ParentScene.swift */ = {isa = PBXFileReference; lastKnownFileType = sourcecode.swift; path = ParentScene.swift; sourceTree = "<group>"; };
		FB6010F4286CB0470094326A /* GameSettings.swift */ = {isa = PBXFileReference; lastKnownFileType = sourcecode.swift; path = GameSettings.swift; sourceTree = "<group>"; };
		FB6010F6286CB31B0094326A /* SceneManager.swift */ = {isa = PBXFileReference; lastKnownFileType = sourcecode.swift; path = SceneManager.swift; sourceTree = "<group>"; };
		FB973EF5286B68810055A3E0 /* HUD.swift */ = {isa = PBXFileReference; lastKnownFileType = sourcecode.swift; path = HUD.swift; sourceTree = "<group>"; };
		FBF7A6AD286F07E600DDBADD /* MenuScene.swift */ = {isa = PBXFileReference; lastKnownFileType = sourcecode.swift; path = MenuScene.swift; sourceTree = "<group>"; };
		FBF7A6AF286F092B00DDBADD /* WinScene.swift */ = {isa = PBXFileReference; lastKnownFileType = sourcecode.swift; path = WinScene.swift; sourceTree = "<group>"; };
		FBF7A6B1286F169300DDBADD /* PauseScene.swift */ = {isa = PBXFileReference; lastKnownFileType = sourcecode.swift; path = PauseScene.swift; sourceTree = "<group>"; };
/* End PBXFileReference section */

/* Begin PBXFrameworksBuildPhase section */
		FB0247922869D9870095652C /* Frameworks */ = {
			isa = PBXFrameworksBuildPhase;
			buildActionMask = 2147483647;
			files = (
			);
			runOnlyForDeploymentPostprocessing = 0;
		};
/* End PBXFrameworksBuildPhase section */

/* Begin PBXGroup section */
		FB02478C2869D9870095652C = {
			isa = PBXGroup;
			children = (
				FB0247972869D9870095652C /* Game15 */,
				FB0247962869D9870095652C /* Products */,
			);
			sourceTree = "<group>";
		};
		FB0247962869D9870095652C /* Products */ = {
			isa = PBXGroup;
			children = (
				FB0247952869D9870095652C /* Game15.app */,
			);
			name = Products;
			sourceTree = "<group>";
		};
		FB0247972869D9870095652C /* Game15 */ = {
			isa = PBXGroup;
			children = (
				FB0247B22869DFAF0095652C /* Scenes */,
				FB0247B42869DFDA0095652C /* Classes */,
				FB0247B12869DF9C0095652C /* Controllers */,
				FB0247B32869DFC40095652C /* Supporting Files */,
			);
			path = Game15;
			sourceTree = "<group>";
		};
		FB0247B12869DF9C0095652C /* Controllers */ = {
			isa = PBXGroup;
			children = (
				FB0247A02869D9870095652C /* GameViewController.swift */,
				FB6010F4286CB0470094326A /* GameSettings.swift */,
				FB6010F6286CB31B0094326A /* SceneManager.swift */,
			);
			path = Controllers;
			sourceTree = "<group>";
		};
		FB0247B22869DFAF0095652C /* Scenes */ = {
			isa = PBXGroup;
			children = (
				FB6010F2286CB0170094326A /* ParentScene.swift */,
				FBF7A6AD286F07E600DDBADD /* MenuScene.swift */,
				FB02479E2869D9870095652C /* GameScene.swift */,
				FBF7A6AF286F092B00DDBADD /* WinScene.swift */,
				FB6010F0286CAFD00094326A /* BestScene.swift */,
				FBF7A6B1286F169300DDBADD /* PauseScene.swift */,
			);
			path = Scenes;
			sourceTree = "<group>";
		};
		FB0247B32869DFC40095652C /* Supporting Files */ = {
			isa = PBXGroup;
			children = (
				FB0247982869D9870095652C /* AppDelegate.swift */,
				FB0247A22869D9870095652C /* Main.storyboard */,
				FB0247A72869D9890095652C /* LaunchScreen.storyboard */,
				FB0247B52869E3170095652C /* Assets.xcassets */,
			);
			path = "Supporting Files";
			sourceTree = "<group>";
		};
		FB0247B42869DFDA0095652C /* Classes */ = {
			isa = PBXGroup;
			children = (
				FB0247B7286A1BCC0095652C /* CellNode.swift */,
				FB973EF5286B68810055A3E0 /* HUD.swift */,
			);
			path = Classes;
			sourceTree = "<group>";
		};
/* End PBXGroup section */

/* Begin PBXNativeTarget section */
		FB0247942869D9870095652C /* Game15 */ = {
			isa = PBXNativeTarget;
			buildConfigurationList = FB0247AC2869D9890095652C /* Build configuration list for PBXNativeTarget "Game15" */;
			buildPhases = (
				FB0247912869D9870095652C /* Sources */,
				FB0247922869D9870095652C /* Frameworks */,
				FB0247932869D9870095652C /* Resources */,
			);
			buildRules = (
			);
			dependencies = (
			);
			name = Game15;
			productName = Game15;
			productReference = FB0247952869D9870095652C /* Game15.app */;
			productType = "com.apple.product-type.application";
		};
/* End PBXNativeTarget section */

/* Begin PBXProject section */
		FB02478D2869D9870095652C /* Project object */ = {
			isa = PBXProject;
			attributes = {
				BuildIndependentTargetsInParallel = 1;
				LastSwiftUpdateCheck = 1340;
				LastUpgradeCheck = 1340;
				TargetAttributes = {
					FB0247942869D9870095652C = {
						CreatedOnToolsVersion = 13.4.1;
					};
				};
			};
			buildConfigurationList = FB0247902869D9870095652C /* Build configuration list for PBXProject "Game15" */;
			compatibilityVersion = "Xcode 13.0";
			developmentRegion = en;
			hasScannedForEncodings = 0;
			knownRegions = (
				en,
				Base,
			);
			mainGroup = FB02478C2869D9870095652C;
			productRefGroup = FB0247962869D9870095652C /* Products */;
			projectDirPath = "";
			projectRoot = "";
			targets = (
				FB0247942869D9870095652C /* Game15 */,
			);
		};
/* End PBXProject section */

/* Begin PBXResourcesBuildPhase section */
		FB0247932869D9870095652C /* Resources */ = {
			isa = PBXResourcesBuildPhase;
			buildActionMask = 2147483647;
			files = (
				FB0247A42869D9870095652C /* Main.storyboard in Resources */,
				FB0247B62869E3170095652C /* Assets.xcassets in Resources */,
				FB0247A92869D9890095652C /* LaunchScreen.storyboard in Resources */,
			);
			runOnlyForDeploymentPostprocessing = 0;
		};
/* End PBXResourcesBuildPhase section */

/* Begin PBXSourcesBuildPhase section */
		FB0247912869D9870095652C /* Sources */ = {
			isa = PBXSourcesBuildPhase;
			buildActionMask = 2147483647;
			files = (
				FB0247B8286A1BCC0095652C /* CellNode.swift in Sources */,
				FB973EF6286B68810055A3E0 /* HUD.swift in Sources */,
				FB6010F7286CB31B0094326A /* SceneManager.swift in Sources */,
				FB6010F5286CB0470094326A /* GameSettings.swift in Sources */,
				FBF7A6B0286F092B00DDBADD /* WinScene.swift in Sources */,
				FB02479F2869D9870095652C /* GameScene.swift in Sources */,
				FB6010F3286CB0170094326A /* ParentScene.swift in Sources */,
				FB0247A12869D9870095652C /* GameViewController.swift in Sources */,
				FBF7A6AE286F07E600DDBADD /* MenuScene.swift in Sources */,
				FB0247992869D9870095652C /* AppDelegate.swift in Sources */,
				FB6010F1286CAFD00094326A /* BestScene.swift in Sources */,
				FBF7A6B2286F169300DDBADD /* PauseScene.swift in Sources */,
			);
			runOnlyForDeploymentPostprocessing = 0;
		};
/* End PBXSourcesBuildPhase section */

/* Begin PBXVariantGroup section */
		FB0247A22869D9870095652C /* Main.storyboard */ = {
			isa = PBXVariantGroup;
			children = (
				FB0247A32869D9870095652C /* Base */,
			);
			name = Main.storyboard;
			sourceTree = "<group>";
		};
		FB0247A72869D9890095652C /* LaunchScreen.storyboard */ = {
			isa = PBXVariantGroup;
			children = (
				FB0247A82869D9890095652C /* Base */,
			);
			name = LaunchScreen.storyboard;
			sourceTree = "<group>";
		};
/* End PBXVariantGroup section */

/* Begin XCBuildConfiguration section */
		FB0247AA2869D9890095652C /* Debug */ = {
			isa = XCBuildConfiguration;
			buildSettings = {
				ALWAYS_SEARCH_USER_PATHS = NO;
				CLANG_ANALYZER_NONNULL = YES;
				CLANG_ANALYZER_NUMBER_OBJECT_CONVERSION = YES_AGGRESSIVE;
				CLANG_CXX_LANGUAGE_STANDARD = "gnu++17";
				CLANG_ENABLE_MODULES = YES;
				CLANG_ENABLE_OBJC_ARC = YES;
				CLANG_ENABLE_OBJC_WEAK = YES;
				CLANG_WARN_BLOCK_CAPTURE_AUTORELEASING = YES;
				CLANG_WARN_BOOL_CONVERSION = YES;
				CLANG_WARN_COMMA = YES;
				CLANG_WARN_CONSTANT_CONVERSION = YES;
				CLANG_WARN_DEPRECATED_OBJC_IMPLEMENTATIONS = YES;
				CLANG_WARN_DIRECT_OBJC_ISA_USAGE = YES_ERROR;
				CLANG_WARN_DOCUMENTATION_COMMENTS = YES;
				CLANG_WARN_EMPTY_BODY = YES;
				CLANG_WARN_ENUM_CONVERSION = YES;
				CLANG_WARN_INFINITE_RECURSION = YES;
				CLANG_WARN_INT_CONVERSION = YES;
				CLANG_WARN_NON_LITERAL_NULL_CONVERSION = YES;
				CLANG_WARN_OBJC_IMPLICIT_RETAIN_SELF = YES;
				CLANG_WARN_OBJC_LITERAL_CONVERSION = YES;
				CLANG_WARN_OBJC_ROOT_CLASS = YES_ERROR;
				CLANG_WARN_QUOTED_INCLUDE_IN_FRAMEWORK_HEADER = YES;
				CLANG_WARN_RANGE_LOOP_ANALYSIS = YES;
				CLANG_WARN_STRICT_PROTOTYPES = YES;
				CLANG_WARN_SUSPICIOUS_MOVE = YES;
				CLANG_WARN_UNGUARDED_AVAILABILITY = YES_AGGRESSIVE;
				CLANG_WARN_UNREACHABLE_CODE = YES;
				CLANG_WARN__DUPLICATE_METHOD_MATCH = YES;
				COPY_PHASE_STRIP = NO;
				DEBUG_INFORMATION_FORMAT = dwarf;
				ENABLE_STRICT_OBJC_MSGSEND = YES;
				ENABLE_TESTABILITY = YES;
				GCC_C_LANGUAGE_STANDARD = gnu11;
				GCC_DYNAMIC_NO_PIC = NO;
				GCC_NO_COMMON_BLOCKS = YES;
				GCC_OPTIMIZATION_LEVEL = 0;
				GCC_PREPROCESSOR_DEFINITIONS = (
					"DEBUG=1",
					"$(inherited)",
				);
				GCC_WARN_64_TO_32_BIT_CONVERSION = YES;
				GCC_WARN_ABOUT_RETURN_TYPE = YES_ERROR;
				GCC_WARN_UNDECLARED_SELECTOR = YES;
				GCC_WARN_UNINITIALIZED_AUTOS = YES_AGGRESSIVE;
				GCC_WARN_UNUSED_FUNCTION = YES;
				GCC_WARN_UNUSED_VARIABLE = YES;
				IPHONEOS_DEPLOYMENT_TARGET = 15.5;
				MTL_ENABLE_DEBUG_INFO = INCLUDE_SOURCE;
				MTL_FAST_MATH = YES;
				ONLY_ACTIVE_ARCH = YES;
				SDKROOT = iphoneos;
				SWIFT_ACTIVE_COMPILATION_CONDITIONS = DEBUG;
				SWIFT_OPTIMIZATION_LEVEL = "-Onone";
			};
			name = Debug;
		};
		FB0247AB2869D9890095652C /* Release */ = {
			isa = XCBuildConfiguration;
			buildSettings = {
				ALWAYS_SEARCH_USER_PATHS = NO;
				CLANG_ANALYZER_NONNULL = YES;
				CLANG_ANALYZER_NUMBER_OBJECT_CONVERSION = YES_AGGRESSIVE;
				CLANG_CXX_LANGUAGE_STANDARD = "gnu++17";
				CLANG_ENABLE_MODULES = YES;
				CLANG_ENABLE_OBJC_ARC = YES;
				CLANG_ENABLE_OBJC_WEAK = YES;
				CLANG_WARN_BLOCK_CAPTURE_AUTORELEASING = YES;
				CLANG_WARN_BOOL_CONVERSION = YES;
				CLANG_WARN_COMMA = YES;
				CLANG_WARN_CONSTANT_CONVERSION = YES;
				CLANG_WARN_DEPRECATED_OBJC_IMPLEMENTATIONS = YES;
				CLANG_WARN_DIRECT_OBJC_ISA_USAGE = YES_ERROR;
				CLANG_WARN_DOCUMENTATION_COMMENTS = YES;
				CLANG_WARN_EMPTY_BODY = YES;
				CLANG_WARN_ENUM_CONVERSION = YES;
				CLANG_WARN_INFINITE_RECURSION = YES;
				CLANG_WARN_INT_CONVERSION = YES;
				CLANG_WARN_NON_LITERAL_NULL_CONVERSION = YES;
				CLANG_WARN_OBJC_IMPLICIT_RETAIN_SELF = YES;
				CLANG_WARN_OBJC_LITERAL_CONVERSION = YES;
				CLANG_WARN_OBJC_ROOT_CLASS = YES_ERROR;
				CLANG_WARN_QUOTED_INCLUDE_IN_FRAMEWORK_HEADER = YES;
				CLANG_WARN_RANGE_LOOP_ANALYSIS = YES;
				CLANG_WARN_STRICT_PROTOTYPES = YES;
				CLANG_WARN_SUSPICIOUS_MOVE = YES;
				CLANG_WARN_UNGUARDED_AVAILABILITY = YES_AGGRESSIVE;
				CLANG_WARN_UNREACHABLE_CODE = YES;
				CLANG_WARN__DUPLICATE_METHOD_MATCH = YES;
				COPY_PHASE_STRIP = NO;
				DEBUG_INFORMATION_FORMAT = "dwarf-with-dsym";
				ENABLE_NS_ASSERTIONS = NO;
				ENABLE_STRICT_OBJC_MSGSEND = YES;
				GCC_C_LANGUAGE_STANDARD = gnu11;
				GCC_NO_COMMON_BLOCKS = YES;
				GCC_WARN_64_TO_32_BIT_CONVERSION = YES;
				GCC_WARN_ABOUT_RETURN_TYPE = YES_ERROR;
				GCC_WARN_UNDECLARED_SELECTOR = YES;
				GCC_WARN_UNINITIALIZED_AUTOS = YES_AGGRESSIVE;
				GCC_WARN_UNUSED_FUNCTION = YES;
				GCC_WARN_UNUSED_VARIABLE = YES;
				IPHONEOS_DEPLOYMENT_TARGET = 15.5;
				MTL_ENABLE_DEBUG_INFO = NO;
				MTL_FAST_MATH = YES;
				SDKROOT = iphoneos;
				SWIFT_COMPILATION_MODE = wholemodule;
				SWIFT_OPTIMIZATION_LEVEL = "-O";
				VALIDATE_PRODUCT = YES;
			};
			name = Release;
		};
		FB0247AD2869D9890095652C /* Debug */ = {
			isa = XCBuildConfiguration;
			buildSettings = {
				ASSETCATALOG_COMPILER_APPICON_NAME = AppIcon;
				ASSETCATALOG_COMPILER_GLOBAL_ACCENT_COLOR_NAME = AccentColor;
				CODE_SIGN_STYLE = Automatic;
				CURRENT_PROJECT_VERSION = 1;
				DEVELOPMENT_TEAM = 2SC3YDNXGQ;
				GENERATE_INFOPLIST_FILE = YES;
				INFOPLIST_KEY_UIApplicationSupportsIndirectInputEvents = YES;
				INFOPLIST_KEY_UILaunchStoryboardName = LaunchScreen;
				INFOPLIST_KEY_UIMainStoryboardFile = Main;
				INFOPLIST_KEY_UIStatusBarHidden = YES;
				INFOPLIST_KEY_UISupportedInterfaceOrientations = UIInterfaceOrientationPortrait;
				INFOPLIST_KEY_UISupportedInterfaceOrientations_iPad = "UIInterfaceOrientationPortrait UIInterfaceOrientationPortraitUpsideDown UIInterfaceOrientationLandscapeLeft UIInterfaceOrientationLandscapeRight";
				INFOPLIST_KEY_UISupportedInterfaceOrientations_iPhone = "UIInterfaceOrientationPortrait UIInterfaceOrientationLandscapeLeft UIInterfaceOrientationLandscapeRight";
				IPHONEOS_DEPLOYMENT_TARGET = 15.0;
				LD_RUNPATH_SEARCH_PATHS = (
					"$(inherited)",
					"@executable_path/Frameworks",
				);
				MARKETING_VERSION = 1.0;
				PRODUCT_BUNDLE_IDENTIFIER = VladimirStrepitovCorp.Game15;
				PRODUCT_NAME = "$(TARGET_NAME)";
				SWIFT_EMIT_LOC_STRINGS = YES;
				SWIFT_VERSION = 5.0;
				TARGETED_DEVICE_FAMILY = 1;
			};
			name = Debug;
		};
		FB0247AE2869D9890095652C /* Release */ = {
			isa = XCBuildConfiguration;
			buildSettings = {
				ASSETCATALOG_COMPILER_APPICON_NAME = AppIcon;
				ASSETCATALOG_COMPILER_GLOBAL_ACCENT_COLOR_NAME = AccentColor;
				CODE_SIGN_STYLE = Automatic;
				CURRENT_PROJECT_VERSION = 1;
				DEVELOPMENT_TEAM = 2SC3YDNXGQ;
				GENERATE_INFOPLIST_FILE = YES;
				INFOPLIST_KEY_UIApplicationSupportsIndirectInputEvents = YES;
				INFOPLIST_KEY_UILaunchStoryboardName = LaunchScreen;
				INFOPLIST_KEY_UIMainStoryboardFile = Main;
				INFOPLIST_KEY_UIStatusBarHidden = YES;
				INFOPLIST_KEY_UISupportedInterfaceOrientations = UIInterfaceOrientationPortrait;
				INFOPLIST_KEY_UISupportedInterfaceOrientations_iPad = "UIInterfaceOrientationPortrait UIInterfaceOrientationPortraitUpsideDown UIInterfaceOrientationLandscapeLeft UIInterfaceOrientationLandscapeRight";
				INFOPLIST_KEY_UISupportedInterfaceOrientations_iPhone = "UIInterfaceOrientationPortrait UIInterfaceOrientationLandscapeLeft UIInterfaceOrientationLandscapeRight";
				IPHONEOS_DEPLOYMENT_TARGET = 15.0;
				LD_RUNPATH_SEARCH_PATHS = (
					"$(inherited)",
					"@executable_path/Frameworks",
				);
				MARKETING_VERSION = 1.0;
				PRODUCT_BUNDLE_IDENTIFIER = VladimirStrepitovCorp.Game15;
				PRODUCT_NAME = "$(TARGET_NAME)";
				SWIFT_EMIT_LOC_STRINGS = YES;
				SWIFT_VERSION = 5.0;
				TARGETED_DEVICE_FAMILY = 1;
			};
			name = Release;
		};
/* End XCBuildConfiguration section */

/* Begin XCConfigurationList section */
		FB0247902869D9870095652C /* Build configuration list for PBXProject "Game15" */ = {
			isa = XCConfigurationList;
			buildConfigurations = (
				FB0247AA2869D9890095652C /* Debug */,
				FB0247AB2869D9890095652C /* Release */,
			);
			defaultConfigurationIsVisible = 0;
			defaultConfigurationName = Release;
		};
		FB0247AC2869D9890095652C /* Build configuration list for PBXNativeTarget "Game15" */ = {
			isa = XCConfigurationList;
			buildConfigurations = (
				FB0247AD2869D9890095652C /* Debug */,
				FB0247AE2869D9890095652C /* Release */,
			);
			defaultConfigurationIsVisible = 0;
			defaultConfigurationName = Release;
		};
/* End XCConfigurationList section */
	};
	rootObject = FB02478D2869D9870095652C /* Project object */;
}
